
Microsoft Visual Studio Solution File, Format Version 12.00
# Visual Studio Version 17
VisualStudioVersion = 17.4.33006.217
MinimumVisualStudioVersion = 10.0.40219.1
Project("{2150E333-8FDC-42A3-9474-1A3956D46DE8}") = "TPL", "TPL", "{A72E866F-52B3-436C-A439-A1684280CB73}"
EndProject
Project("{9A19103F-16F7-4668-BE54-9A1E7A4F7556}") = "001_Task_starten", "001_Task_starten\001_Task_starten.csproj", "{B8EAC8FF-5DFC-468A-B785-BC699FDC18F3}"
EndProject
Project("{9A19103F-16F7-4668-BE54-9A1E7A4F7556}") = "002_Task_beenden", "002_Task_beenden\002_Task_beenden.csproj", "{DA954CD5-564A-48F2-B64E-F3AE6884C5E0}"
EndProject
Project("{9A19103F-16F7-4668-BE54-9A1E7A4F7556}") = "003_TaskFactorySample", "003_TaskFactorySample\003_TaskFactorySample.csproj", "{FF2274BA-5A2E-4971-BAB4-1C09F12DBF10}"
EndProject
Project("{9A19103F-16F7-4668-BE54-9A1E7A4F7556}") = "004_Task_MitParameter", "004_Task_MitParameter\004_Task_MitParameter.csproj", "{59B7407B-B82E-486A-904F-89007773CCEE}"
EndProject
Project("{9A19103F-16F7-4668-BE54-9A1E7A4F7556}") = "005_Task_mit_Exceptions", "005_Task_mit_Exceptions\005_Task_mit_Exceptions.csproj", "{5388ED48-778A-4DF9-B177-D1F74D60B64C}"
EndProject
Project("{9A19103F-16F7-4668-BE54-9A1E7A4F7556}") = "006_ContinueWithSample", "006_ContinueWithSample\006_ContinueWithSample.csproj", "{6C7FD87B-0DAB-4536-A99C-C0404881372F}"
EndProject
Project("{FAE04EC0-301F-11D3-BF4B-00C04F79EFBC}") = "007_ContinueWithParams", "007_ContinueWithParams\007_ContinueWithParams.csproj", "{81A7A187-83BD-4A3F-8781-145DFC21F8EA}"
EndProject
Project("{FAE04EC0-301F-11D3-BF4B-00C04F79EFBC}") = "008_ParallelInvoke", "008_ParallelInvoke\008_ParallelInvoke.csproj", "{F19CB515-C02D-48ED-ACB7-47DF18192E21}"
EndProject
Project("{2150E333-8FDC-42A3-9474-1A3956D46DE8}") = "WiederholungTag1", "WiederholungTag1", "{C83B8863-A79D-4479-89AE-3FD76C4CF608}"
	ProjectSection(SolutionItems) = preProject
		FAQ.txt = FAQ.txt
	EndProjectSection
EndProject
Project("{FAE04EC0-301F-11D3-BF4B-00C04F79EFBC}") = "ParallelInvokeSample2", "ParallelInvokeSample2\ParallelInvokeSample2.csproj", "{8F23EAEA-0B6B-4325-B15A-348F8B65B3B1}"
EndProject
Project("{9A19103F-16F7-4668-BE54-9A1E7A4F7556}") = "BenchmarkTestParallelForVsFor", "BenchmarkTestParallelForVsFor\BenchmarkTestParallelForVsFor.csproj", "{1E6335CA-41EA-4BA2-84D3-41AE34116384}"
EndProject
Project("{FAE04EC0-301F-11D3-BF4B-00C04F79EFBC}") = "AsyncAwaitSample", "AsyncAwaitSample\AsyncAwaitSample.csproj", "{B03B10ED-EA93-4A14-B190-287F84A3FFC7}"
EndProject
Project("{FAE04EC0-301F-11D3-BF4B-00C04F79EFBC}") = "HalloAsync_WinForms", "HalloAsync\HalloAsync\HalloAsync_WinForms.csproj", "{8518674C-843F-4BCF-BAD3-3EAEB28E48EF}"
EndProject
Project("{FAE04EC0-301F-11D3-BF4B-00C04F79EFBC}") = "HalloAsync", "HalloAsync_WPF\HalloAsync\HalloAsync.csproj", "{8AEA6B0E-7BB0-47D1-8F6C-CF63600BDEF0}"
EndProject
Project("{2150E333-8FDC-42A3-9474-1A3956D46DE8}") = "Solution Items", "Solution Items", "{FBFA8C73-2228-45CE-BC7F-2FF9415B9FC1}"
	ProjectSection(SolutionItems) = preProject
		..\Agenda.md = ..\Agenda.md
		FAQ.txt = FAQ.txt
	EndProjectSection
EndProject
Project("{2150E333-8FDC-42A3-9474-1A3956D46DE8}") = "Types", "Types", "{4DA96850-3158-4215-9A66-EA53A1BC6AB0}"
EndProject
Project("{FAE04EC0-301F-11D3-BF4B-00C04F79EFBC}") = "ValueTypesVsReferenceTypes", "ValueTypesVsReferenceTypes\ValueTypesVsReferenceTypes.csproj", "{BBF4D446-F633-4D98-9E62-9D883ECC6819}"
EndProject
Project("{FAE04EC0-301F-11D3-BF4B-00C04F79EFBC}") = "RecordSample", "RecordSample\RecordSample.csproj", "{2E13C1F1-BE2D-4DE0-9657-26406416E232}"
EndProject
Project("{2150E333-8FDC-42A3-9474-1A3956D46DE8}") = "Generics", "Generics", "{2DD66146-9550-44CB-A7DD-37FA6C71886E}"
EndProject
Project("{FAE04EC0-301F-11D3-BF4B-00C04F79EFBC}") = "001_HelloGenerics", "HelloGenerics\001_HelloGenerics.csproj", "{3C24ABBA-EAF8-46BF-84E1-371035A1BC80}"
EndProject
Project("{FAE04EC0-301F-11D3-BF4B-00C04F79EFBC}") = "002_HelloConstraints", "002_HelloConstraints\002_HelloConstraints.csproj", "{003B4B00-B0C8-49EB-9A38-244348358E72}"
EndProject
Project("{FAE04EC0-301F-11D3-BF4B-00C04F79EFBC}") = "AsyncAwaitSample2", "AsyncAwaitSample2\AsyncAwaitSample2.csproj", "{16772E4E-547F-4273-B52A-FB58D6D2131A}"
EndProject
Project("{9A19103F-16F7-4668-BE54-9A1E7A4F7556}") = "AsyncAwaitSample3", "AsyncAwaitSample3\AsyncAwaitSample3.csproj", "{ECBCA2DC-57F6-418D-B49B-F1BFFC5C947B}"
EndProject
Project("{9A19103F-16F7-4668-BE54-9A1E7A4F7556}") = "Modul11Demo_DictionaryUseCase", "DictionaryUseCase\Modul11Demo_DictionaryUseCase.csproj", "{0D074DBC-ED64-4EEF-8C6F-573871E8810C}"
EndProject
Project("{2150E333-8FDC-42A3-9474-1A3956D46DE8}") = "SOLID", "SOLID", "{F24AA4D9-6B5A-499B-8FED-62AE2B9B72DC}"
EndProject
Project("{FAE04EC0-301F-11D3-BF4B-00C04F79EFBC}") = "SingleResponsibilityPrincipe", "SingleResponsibilityPrincipe\SingleResponsibilityPrincipe.csproj", "{F8D6F0ED-C0A2-4260-866E-7867887CFFCB}"
EndProject
Project("{FAE04EC0-301F-11D3-BF4B-00C04F79EFBC}") = "OpenClosePrincipe", "OpenClosePrincipe\OpenClosePrincipe.csproj", "{6021A3A2-5D08-4E3F-B012-173C6BD92A7D}"
EndProject
Project("{FAE04EC0-301F-11D3-BF4B-00C04F79EFBC}") = "LizkovischePrincipe", "LizkovischePrincipe\LizkovischePrincipe.csproj", "{DFE45957-24B3-402A-ACC6-E4525B6A0098}"
EndProject
Project("{FAE04EC0-301F-11D3-BF4B-00C04F79EFBC}") = "InterfaceSegerationPrincipe", "InterfaceSegerationPrincipe\InterfaceSegerationPrincipe.csproj", "{A5F62589-0DD4-45F5-A8BC-D9234415ADB2}"
EndProject
Project("{FAE04EC0-301F-11D3-BF4B-00C04F79EFBC}") = "DependencyInversionPrincipe", "DependencyInversionPrincipe\DependencyInversionPrincipe.csproj", "{C05BAFD8-1ADC-484D-BFF4-935C15151196}"
EndProject
Project("{2150E333-8FDC-42A3-9474-1A3956D46DE8}") = "IOC Container", "IOC Container", "{857699C4-AC0D-49CE-8AE6-CB448C9C19B1}"
EndProject
Project("{FAE04EC0-301F-11D3-BF4B-00C04F79EFBC}") = "IOCContainerSample", "IOCContainerSample\IOCContainerSample.csproj", "{723070ED-63CD-46E6-ABAC-1B304DF9385E}"
EndProject
Project("{2150E333-8FDC-42A3-9474-1A3956D46DE8}") = "IOC Container mit WebAPI", "IOC Container mit WebAPI", "{3E2857CA-961B-48C5-8F65-44D21EE547C4}"
EndProject
Project("{FAE04EC0-301F-11D3-BF4B-00C04F79EFBC}") = "WebAPI_IOCContainerSampleNET5", "WebAPI_IOCContainerSampleNET5\WebAPI_IOCContainerSampleNET5.csproj", "{D3A316C2-8DA7-4A26-B252-84C6216B87C1}"
EndProject
Project("{FAE04EC0-301F-11D3-BF4B-00C04F79EFBC}") = "WebAPI_IOCContainerSampleNET6", "WebAPI_IOCContainerSampleNET6\WebAPI_IOCContainerSampleNET6.csproj", "{D102C695-D378-427A-9443-CF7879AA50D9}"
EndProject
Global
	GlobalSection(SolutionConfigurationPlatforms) = preSolution
		Debug|Any CPU = Debug|Any CPU
		Release|Any CPU = Release|Any CPU
	EndGlobalSection
	GlobalSection(ProjectConfigurationPlatforms) = postSolution
		{B8EAC8FF-5DFC-468A-B785-BC699FDC18F3}.Debug|Any CPU.ActiveCfg = Debug|Any CPU
		{B8EAC8FF-5DFC-468A-B785-BC699FDC18F3}.Debug|Any CPU.Build.0 = Debug|Any CPU
		{B8EAC8FF-5DFC-468A-B785-BC699FDC18F3}.Release|Any CPU.ActiveCfg = Release|Any CPU
		{B8EAC8FF-5DFC-468A-B785-BC699FDC18F3}.Release|Any CPU.Build.0 = Release|Any CPU
		{DA954CD5-564A-48F2-B64E-F3AE6884C5E0}.Debug|Any CPU.ActiveCfg = Debug|Any CPU
		{DA954CD5-564A-48F2-B64E-F3AE6884C5E0}.Debug|Any CPU.Build.0 = Debug|Any CPU
		{DA954CD5-564A-48F2-B64E-F3AE6884C5E0}.Release|Any CPU.ActiveCfg = Release|Any CPU
		{DA954CD5-564A-48F2-B64E-F3AE6884C5E0}.Release|Any CPU.Build.0 = Release|Any CPU
		{FF2274BA-5A2E-4971-BAB4-1C09F12DBF10}.Debug|Any CPU.ActiveCfg = Debug|Any CPU
		{FF2274BA-5A2E-4971-BAB4-1C09F12DBF10}.Debug|Any CPU.Build.0 = Debug|Any CPU
		{FF2274BA-5A2E-4971-BAB4-1C09F12DBF10}.Release|Any CPU.ActiveCfg = Release|Any CPU
		{FF2274BA-5A2E-4971-BAB4-1C09F12DBF10}.Release|Any CPU.Build.0 = Release|Any CPU
		{59B7407B-B82E-486A-904F-89007773CCEE}.Debug|Any CPU.ActiveCfg = Debug|Any CPU
		{59B7407B-B82E-486A-904F-89007773CCEE}.Debug|Any CPU.Build.0 = Debug|Any CPU
		{59B7407B-B82E-486A-904F-89007773CCEE}.Release|Any CPU.ActiveCfg = Release|Any CPU
		{59B7407B-B82E-486A-904F-89007773CCEE}.Release|Any CPU.Build.0 = Release|Any CPU
		{5388ED48-778A-4DF9-B177-D1F74D60B64C}.Debug|Any CPU.ActiveCfg = Debug|Any CPU
		{5388ED48-778A-4DF9-B177-D1F74D60B64C}.Debug|Any CPU.Build.0 = Debug|Any CPU
		{5388ED48-778A-4DF9-B177-D1F74D60B64C}.Release|Any CPU.ActiveCfg = Release|Any CPU
		{5388ED48-778A-4DF9-B177-D1F74D60B64C}.Release|Any CPU.Build.0 = Release|Any CPU
		{6C7FD87B-0DAB-4536-A99C-C0404881372F}.Debug|Any CPU.ActiveCfg = Debug|Any CPU
		{6C7FD87B-0DAB-4536-A99C-C0404881372F}.Debug|Any CPU.Build.0 = Debug|Any CPU
		{6C7FD87B-0DAB-4536-A99C-C0404881372F}.Release|Any CPU.ActiveCfg = Release|Any CPU
		{6C7FD87B-0DAB-4536-A99C-C0404881372F}.Release|Any CPU.Build.0 = Release|Any CPU
		{81A7A187-83BD-4A3F-8781-145DFC21F8EA}.Debug|Any CPU.ActiveCfg = Debug|Any CPU
		{81A7A187-83BD-4A3F-8781-145DFC21F8EA}.Debug|Any CPU.Build.0 = Debug|Any CPU
		{81A7A187-83BD-4A3F-8781-145DFC21F8EA}.Release|Any CPU.ActiveCfg = Release|Any CPU
		{81A7A187-83BD-4A3F-8781-145DFC21F8EA}.Release|Any CPU.Build.0 = Release|Any CPU
		{F19CB515-C02D-48ED-ACB7-47DF18192E21}.Debug|Any CPU.ActiveCfg = Debug|Any CPU
		{F19CB515-C02D-48ED-ACB7-47DF18192E21}.Debug|Any CPU.Build.0 = Debug|Any CPU
		{F19CB515-C02D-48ED-ACB7-47DF18192E21}.Release|Any CPU.ActiveCfg = Release|Any CPU
		{F19CB515-C02D-48ED-ACB7-47DF18192E21}.Release|Any CPU.Build.0 = Release|Any CPU
		{8F23EAEA-0B6B-4325-B15A-348F8B65B3B1}.Debug|Any CPU.ActiveCfg = Debug|Any CPU
		{8F23EAEA-0B6B-4325-B15A-348F8B65B3B1}.Debug|Any CPU.Build.0 = Debug|Any CPU
		{8F23EAEA-0B6B-4325-B15A-348F8B65B3B1}.Release|Any CPU.ActiveCfg = Release|Any CPU
		{8F23EAEA-0B6B-4325-B15A-348F8B65B3B1}.Release|Any CPU.Build.0 = Release|Any CPU
		{1E6335CA-41EA-4BA2-84D3-41AE34116384}.Debug|Any CPU.ActiveCfg = Debug|Any CPU
		{1E6335CA-41EA-4BA2-84D3-41AE34116384}.Debug|Any CPU.Build.0 = Debug|Any CPU
		{1E6335CA-41EA-4BA2-84D3-41AE34116384}.Release|Any CPU.ActiveCfg = Release|Any CPU
		{1E6335CA-41EA-4BA2-84D3-41AE34116384}.Release|Any CPU.Build.0 = Release|Any CPU
		{B03B10ED-EA93-4A14-B190-287F84A3FFC7}.Debug|Any CPU.ActiveCfg = Debug|Any CPU
		{B03B10ED-EA93-4A14-B190-287F84A3FFC7}.Debug|Any CPU.Build.0 = Debug|Any CPU
		{B03B10ED-EA93-4A14-B190-287F84A3FFC7}.Release|Any CPU.ActiveCfg = Release|Any CPU
		{B03B10ED-EA93-4A14-B190-287F84A3FFC7}.Release|Any CPU.Build.0 = Release|Any CPU
		{8518674C-843F-4BCF-BAD3-3EAEB28E48EF}.Debug|Any CPU.ActiveCfg = Debug|Any CPU
		{8518674C-843F-4BCF-BAD3-3EAEB28E48EF}.Debug|Any CPU.Build.0 = Debug|Any CPU
		{8518674C-843F-4BCF-BAD3-3EAEB28E48EF}.Release|Any CPU.ActiveCfg = Release|Any CPU
		{8518674C-843F-4BCF-BAD3-3EAEB28E48EF}.Release|Any CPU.Build.0 = Release|Any CPU
		{8AEA6B0E-7BB0-47D1-8F6C-CF63600BDEF0}.Debug|Any CPU.ActiveCfg = Debug|Any CPU
		{8AEA6B0E-7BB0-47D1-8F6C-CF63600BDEF0}.Debug|Any CPU.Build.0 = Debug|Any CPU
		{8AEA6B0E-7BB0-47D1-8F6C-CF63600BDEF0}.Release|Any CPU.ActiveCfg = Release|Any CPU
		{8AEA6B0E-7BB0-47D1-8F6C-CF63600BDEF0}.Release|Any CPU.Build.0 = Release|Any CPU
		{BBF4D446-F633-4D98-9E62-9D883ECC6819}.Debug|Any CPU.ActiveCfg = Debug|Any CPU
		{BBF4D446-F633-4D98-9E62-9D883ECC6819}.Debug|Any CPU.Build.0 = Debug|Any CPU
		{BBF4D446-F633-4D98-9E62-9D883ECC6819}.Release|Any CPU.ActiveCfg = Release|Any CPU
		{BBF4D446-F633-4D98-9E62-9D883ECC6819}.Release|Any CPU.Build.0 = Release|Any CPU
		{2E13C1F1-BE2D-4DE0-9657-26406416E232}.Debug|Any CPU.ActiveCfg = Debug|Any CPU
		{2E13C1F1-BE2D-4DE0-9657-26406416E232}.Debug|Any CPU.Build.0 = Debug|Any CPU
		{2E13C1F1-BE2D-4DE0-9657-26406416E232}.Release|Any CPU.ActiveCfg = Release|Any CPU
		{2E13C1F1-BE2D-4DE0-9657-26406416E232}.Release|Any CPU.Build.0 = Release|Any CPU
		{3C24ABBA-EAF8-46BF-84E1-371035A1BC80}.Debug|Any CPU.ActiveCfg = Debug|Any CPU
		{3C24ABBA-EAF8-46BF-84E1-371035A1BC80}.Debug|Any CPU.Build.0 = Debug|Any CPU
		{3C24ABBA-EAF8-46BF-84E1-371035A1BC80}.Release|Any CPU.ActiveCfg = Release|Any CPU
		{3C24ABBA-EAF8-46BF-84E1-371035A1BC80}.Release|Any CPU.Build.0 = Release|Any CPU
		{003B4B00-B0C8-49EB-9A38-244348358E72}.Debug|Any CPU.ActiveCfg = Debug|Any CPU
		{003B4B00-B0C8-49EB-9A38-244348358E72}.Debug|Any CPU.Build.0 = Debug|Any CPU
		{003B4B00-B0C8-49EB-9A38-244348358E72}.Release|Any CPU.ActiveCfg = Release|Any CPU
		{003B4B00-B0C8-49EB-9A38-244348358E72}.Release|Any CPU.Build.0 = Release|Any CPU
		{16772E4E-547F-4273-B52A-FB58D6D2131A}.Debug|Any CPU.ActiveCfg = Debug|Any CPU
		{16772E4E-547F-4273-B52A-FB58D6D2131A}.Debug|Any CPU.Build.0 = Debug|Any CPU
		{16772E4E-547F-4273-B52A-FB58D6D2131A}.Release|Any CPU.ActiveCfg = Release|Any CPU
		{16772E4E-547F-4273-B52A-FB58D6D2131A}.Release|Any CPU.Build.0 = Release|Any CPU
		{ECBCA2DC-57F6-418D-B49B-F1BFFC5C947B}.Debug|Any CPU.ActiveCfg = Debug|Any CPU
		{ECBCA2DC-57F6-418D-B49B-F1BFFC5C947B}.Debug|Any CPU.Build.0 = Debug|Any CPU
		{ECBCA2DC-57F6-418D-B49B-F1BFFC5C947B}.Release|Any CPU.ActiveCfg = Release|Any CPU
		{ECBCA2DC-57F6-418D-B49B-F1BFFC5C947B}.Release|Any CPU.Build.0 = Release|Any CPU
		{0D074DBC-ED64-4EEF-8C6F-573871E8810C}.Debug|Any CPU.ActiveCfg = Debug|Any CPU
		{0D074DBC-ED64-4EEF-8C6F-573871E8810C}.Debug|Any CPU.Build.0 = Debug|Any CPU
		{0D074DBC-ED64-4EEF-8C6F-573871E8810C}.Release|Any CPU.ActiveCfg = Release|Any CPU
		{0D074DBC-ED64-4EEF-8C6F-573871E8810C}.Release|Any CPU.Build.0 = Release|Any CPU
		{F8D6F0ED-C0A2-4260-866E-7867887CFFCB}.Debug|Any CPU.ActiveCfg = Debug|Any CPU
		{F8D6F0ED-C0A2-4260-866E-7867887CFFCB}.Debug|Any CPU.Build.0 = Debug|Any CPU
		{F8D6F0ED-C0A2-4260-866E-7867887CFFCB}.Release|Any CPU.ActiveCfg = Release|Any CPU
		{F8D6F0ED-C0A2-4260-866E-7867887CFFCB}.Release|Any CPU.Build.0 = Release|Any CPU
		{6021A3A2-5D08-4E3F-B012-173C6BD92A7D}.Debug|Any CPU.ActiveCfg = Debug|Any CPU
		{6021A3A2-5D08-4E3F-B012-173C6BD92A7D}.Debug|Any CPU.Build.0 = Debug|Any CPU
		{6021A3A2-5D08-4E3F-B012-173C6BD92A7D}.Release|Any CPU.ActiveCfg = Release|Any CPU
		{6021A3A2-5D08-4E3F-B012-173C6BD92A7D}.Release|Any CPU.Build.0 = Release|Any CPU
		{DFE45957-24B3-402A-ACC6-E4525B6A0098}.Debug|Any CPU.ActiveCfg = Debug|Any CPU
		{DFE45957-24B3-402A-ACC6-E4525B6A0098}.Debug|Any CPU.Build.0 = Debug|Any CPU
		{DFE45957-24B3-402A-ACC6-E4525B6A0098}.Release|Any CPU.ActiveCfg = Release|Any CPU
		{DFE45957-24B3-402A-ACC6-E4525B6A0098}.Release|Any CPU.Build.0 = Release|Any CPU
		{A5F62589-0DD4-45F5-A8BC-D9234415ADB2}.Debug|Any CPU.ActiveCfg = Debug|Any CPU
		{A5F62589-0DD4-45F5-A8BC-D9234415ADB2}.Debug|Any CPU.Build.0 = Debug|Any CPU
		{A5F62589-0DD4-45F5-A8BC-D9234415ADB2}.Release|Any CPU.ActiveCfg = Release|Any CPU
		{A5F62589-0DD4-45F5-A8BC-D9234415ADB2}.Release|Any CPU.Build.0 = Release|Any CPU
		{C05BAFD8-1ADC-484D-BFF4-935C15151196}.Debug|Any CPU.ActiveCfg = Debug|Any CPU
		{C05BAFD8-1ADC-484D-BFF4-935C15151196}.Debug|Any CPU.Build.0 = Debug|Any CPU
		{C05BAFD8-1ADC-484D-BFF4-935C15151196}.Release|Any CPU.ActiveCfg = Release|Any CPU
		{C05BAFD8-1ADC-484D-BFF4-935C15151196}.Release|Any CPU.Build.0 = Release|Any CPU
		{723070ED-63CD-46E6-ABAC-1B304DF9385E}.Debug|Any CPU.ActiveCfg = Debug|Any CPU
		{723070ED-63CD-46E6-ABAC-1B304DF9385E}.Debug|Any CPU.Build.0 = Debug|Any CPU
		{723070ED-63CD-46E6-ABAC-1B304DF9385E}.Release|Any CPU.ActiveCfg = Release|Any CPU
		{723070ED-63CD-46E6-ABAC-1B304DF9385E}.Release|Any CPU.Build.0 = Release|Any CPU
		{D3A316C2-8DA7-4A26-B252-84C6216B87C1}.Debug|Any CPU.ActiveCfg = Debug|Any CPU
		{D3A316C2-8DA7-4A26-B252-84C6216B87C1}.Debug|Any CPU.Build.0 = Debug|Any CPU
		{D3A316C2-8DA7-4A26-B252-84C6216B87C1}.Release|Any CPU.ActiveCfg = Release|Any CPU
		{D3A316C2-8DA7-4A26-B252-84C6216B87C1}.Release|Any CPU.Build.0 = Release|Any CPU
		{D102C695-D378-427A-9443-CF7879AA50D9}.Debug|Any CPU.ActiveCfg = Debug|Any CPU
		{D102C695-D378-427A-9443-CF7879AA50D9}.Debug|Any CPU.Build.0 = Debug|Any CPU
		{D102C695-D378-427A-9443-CF7879AA50D9}.Release|Any CPU.ActiveCfg = Release|Any CPU
		{D102C695-D378-427A-9443-CF7879AA50D9}.Release|Any CPU.Build.0 = Release|Any CPU
	EndGlobalSection
	GlobalSection(SolutionProperties) = preSolution
		HideSolutionNode = FALSE
	EndGlobalSection
	GlobalSection(NestedProjects) = preSolution
		{B8EAC8FF-5DFC-468A-B785-BC699FDC18F3} = {A72E866F-52B3-436C-A439-A1684280CB73}
		{DA954CD5-564A-48F2-B64E-F3AE6884C5E0} = {A72E866F-52B3-436C-A439-A1684280CB73}
		{FF2274BA-5A2E-4971-BAB4-1C09F12DBF10} = {A72E866F-52B3-436C-A439-A1684280CB73}
		{59B7407B-B82E-486A-904F-89007773CCEE} = {A72E866F-52B3-436C-A439-A1684280CB73}
		{5388ED48-778A-4DF9-B177-D1F74D60B64C} = {A72E866F-52B3-436C-A439-A1684280CB73}
		{6C7FD87B-0DAB-4536-A99C-C0404881372F} = {A72E866F-52B3-436C-A439-A1684280CB73}
		{81A7A187-83BD-4A3F-8781-145DFC21F8EA} = {A72E866F-52B3-436C-A439-A1684280CB73}
		{F19CB515-C02D-48ED-ACB7-47DF18192E21} = {A72E866F-52B3-436C-A439-A1684280CB73}
		{8F23EAEA-0B6B-4325-B15A-348F8B65B3B1} = {C83B8863-A79D-4479-89AE-3FD76C4CF608}
		{1E6335CA-41EA-4BA2-84D3-41AE34116384} = {A72E866F-52B3-436C-A439-A1684280CB73}
		{B03B10ED-EA93-4A14-B190-287F84A3FFC7} = {A72E866F-52B3-436C-A439-A1684280CB73}
		{8518674C-843F-4BCF-BAD3-3EAEB28E48EF} = {A72E866F-52B3-436C-A439-A1684280CB73}
		{8AEA6B0E-7BB0-47D1-8F6C-CF63600BDEF0} = {A72E866F-52B3-436C-A439-A1684280CB73}
		{BBF4D446-F633-4D98-9E62-9D883ECC6819} = {4DA96850-3158-4215-9A66-EA53A1BC6AB0}
		{2E13C1F1-BE2D-4DE0-9657-26406416E232} = {4DA96850-3158-4215-9A66-EA53A1BC6AB0}
		{3C24ABBA-EAF8-46BF-84E1-371035A1BC80} = {2DD66146-9550-44CB-A7DD-37FA6C71886E}
		{003B4B00-B0C8-49EB-9A38-244348358E72} = {2DD66146-9550-44CB-A7DD-37FA6C71886E}
		{16772E4E-547F-4273-B52A-FB58D6D2131A} = {C83B8863-A79D-4479-89AE-3FD76C4CF608}
		{ECBCA2DC-57F6-418D-B49B-F1BFFC5C947B} = {C83B8863-A79D-4479-89AE-3FD76C4CF608}
		{0D074DBC-ED64-4EEF-8C6F-573871E8810C} = {C83B8863-A79D-4479-89AE-3FD76C4CF608}
		{F8D6F0ED-C0A2-4260-866E-7867887CFFCB} = {F24AA4D9-6B5A-499B-8FED-62AE2B9B72DC}
		{6021A3A2-5D08-4E3F-B012-173C6BD92A7D} = {F24AA4D9-6B5A-499B-8FED-62AE2B9B72DC}
		{DFE45957-24B3-402A-ACC6-E4525B6A0098} = {F24AA4D9-6B5A-499B-8FED-62AE2B9B72DC}
		{A5F62589-0DD4-45F5-A8BC-D9234415ADB2} = {F24AA4D9-6B5A-499B-8FED-62AE2B9B72DC}
		{C05BAFD8-1ADC-484D-BFF4-935C15151196} = {F24AA4D9-6B5A-499B-8FED-62AE2B9B72DC}
		{723070ED-63CD-46E6-ABAC-1B304DF9385E} = {857699C4-AC0D-49CE-8AE6-CB448C9C19B1}
		{D3A316C2-8DA7-4A26-B252-84C6216B87C1} = {3E2857CA-961B-48C5-8F65-44D21EE547C4}
		{D102C695-D378-427A-9443-CF7879AA50D9} = {3E2857CA-961B-48C5-8F65-44D21EE547C4}
	EndGlobalSection
	GlobalSection(ExtensibilityGlobals) = postSolution
		SolutionGuid = {24DA62E1-F53E-4E4F-9678-4B23E67AF238}
	EndGlobalSection
EndGlobal
