
Microsoft Visual Studio Solution File, Format Version 12.00
# Visual Studio Version 17
VisualStudioVersion = 17.4.33006.217
MinimumVisualStudioVersion = 10.0.40219.1
Project("{2150E333-8FDC-42A3-9474-1A3956D46DE8}") = "TPL", "TPL", "{A72E866F-52B3-436C-A439-A1684280CB73}"
EndProject
Project("{FAE04EC0-301F-11D3-BF4B-00C04F79EFBC}") = "001_Task_starten", "001_Task_starten\001_Task_starten.csproj", "{B8EAC8FF-5DFC-468A-B785-BC699FDC18F3}"
EndProject
Project("{FAE04EC0-301F-11D3-BF4B-00C04F79EFBC}") = "002_Task_beenden", "002_Task_beenden\002_Task_beenden.csproj", "{DA954CD5-564A-48F2-B64E-F3AE6884C5E0}"
EndProject
Project("{FAE04EC0-301F-11D3-BF4B-00C04F79EFBC}") = "003_TaskFactorySample", "003_TaskFactorySample\003_TaskFactorySample.csproj", "{FF2274BA-5A2E-4971-BAB4-1C09F12DBF10}"
EndProject
Project("{FAE04EC0-301F-11D3-BF4B-00C04F79EFBC}") = "004_Task_MitParameter", "004_Task_MitParameter\004_Task_MitParameter.csproj", "{59B7407B-B82E-486A-904F-89007773CCEE}"
EndProject
Project("{FAE04EC0-301F-11D3-BF4B-00C04F79EFBC}") = "005_Task_mit_Exceptions", "005_Task_mit_Exceptions\005_Task_mit_Exceptions.csproj", "{5388ED48-778A-4DF9-B177-D1F74D60B64C}"
EndProject
Project("{FAE04EC0-301F-11D3-BF4B-00C04F79EFBC}") = "006_ContinueWithSample", "006_ContinueWithSample\006_ContinueWithSample.csproj", "{6C7FD87B-0DAB-4536-A99C-C0404881372F}"
EndProject
Global
	GlobalSection(SolutionConfigurationPlatforms) = preSolution
		Debug|Any CPU = Debug|Any CPU
		Release|Any CPU = Release|Any CPU
	EndGlobalSection
	GlobalSection(ProjectConfigurationPlatforms) = postSolution
		{B8EAC8FF-5DFC-468A-B785-BC699FDC18F3}.Debug|Any CPU.ActiveCfg = Debug|Any CPU
		{B8EAC8FF-5DFC-468A-B785-BC699FDC18F3}.Debug|Any CPU.Build.0 = Debug|Any CPU
		{B8EAC8FF-5DFC-468A-B785-BC699FDC18F3}.Release|Any CPU.ActiveCfg = Release|Any CPU
		{B8EAC8FF-5DFC-468A-B785-BC699FDC18F3}.Release|Any CPU.Build.0 = Release|Any CPU
		{DA954CD5-564A-48F2-B64E-F3AE6884C5E0}.Debug|Any CPU.ActiveCfg = Debug|Any CPU
		{DA954CD5-564A-48F2-B64E-F3AE6884C5E0}.Debug|Any CPU.Build.0 = Debug|Any CPU
		{DA954CD5-564A-48F2-B64E-F3AE6884C5E0}.Release|Any CPU.ActiveCfg = Release|Any CPU
		{DA954CD5-564A-48F2-B64E-F3AE6884C5E0}.Release|Any CPU.Build.0 = Release|Any CPU
		{FF2274BA-5A2E-4971-BAB4-1C09F12DBF10}.Debug|Any CPU.ActiveCfg = Debug|Any CPU
		{FF2274BA-5A2E-4971-BAB4-1C09F12DBF10}.Debug|Any CPU.Build.0 = Debug|Any CPU
		{FF2274BA-5A2E-4971-BAB4-1C09F12DBF10}.Release|Any CPU.ActiveCfg = Release|Any CPU
		{FF2274BA-5A2E-4971-BAB4-1C09F12DBF10}.Release|Any CPU.Build.0 = Release|Any CPU
		{59B7407B-B82E-486A-904F-89007773CCEE}.Debug|Any CPU.ActiveCfg = Debug|Any CPU
		{59B7407B-B82E-486A-904F-89007773CCEE}.Debug|Any CPU.Build.0 = Debug|Any CPU
		{59B7407B-B82E-486A-904F-89007773CCEE}.Release|Any CPU.ActiveCfg = Release|Any CPU
		{59B7407B-B82E-486A-904F-89007773CCEE}.Release|Any CPU.Build.0 = Release|Any CPU
		{5388ED48-778A-4DF9-B177-D1F74D60B64C}.Debug|Any CPU.ActiveCfg = Debug|Any CPU
		{5388ED48-778A-4DF9-B177-D1F74D60B64C}.Debug|Any CPU.Build.0 = Debug|Any CPU
		{5388ED48-778A-4DF9-B177-D1F74D60B64C}.Release|Any CPU.ActiveCfg = Release|Any CPU
		{5388ED48-778A-4DF9-B177-D1F74D60B64C}.Release|Any CPU.Build.0 = Release|Any CPU
		{6C7FD87B-0DAB-4536-A99C-C0404881372F}.Debug|Any CPU.ActiveCfg = Debug|Any CPU
		{6C7FD87B-0DAB-4536-A99C-C0404881372F}.Debug|Any CPU.Build.0 = Debug|Any CPU
		{6C7FD87B-0DAB-4536-A99C-C0404881372F}.Release|Any CPU.ActiveCfg = Release|Any CPU
		{6C7FD87B-0DAB-4536-A99C-C0404881372F}.Release|Any CPU.Build.0 = Release|Any CPU
	EndGlobalSection
	GlobalSection(SolutionProperties) = preSolution
		HideSolutionNode = FALSE
	EndGlobalSection
	GlobalSection(NestedProjects) = preSolution
		{B8EAC8FF-5DFC-468A-B785-BC699FDC18F3} = {A72E866F-52B3-436C-A439-A1684280CB73}
		{DA954CD5-564A-48F2-B64E-F3AE6884C5E0} = {A72E866F-52B3-436C-A439-A1684280CB73}
		{FF2274BA-5A2E-4971-BAB4-1C09F12DBF10} = {A72E866F-52B3-436C-A439-A1684280CB73}
		{59B7407B-B82E-486A-904F-89007773CCEE} = {A72E866F-52B3-436C-A439-A1684280CB73}
		{5388ED48-778A-4DF9-B177-D1F74D60B64C} = {A72E866F-52B3-436C-A439-A1684280CB73}
		{6C7FD87B-0DAB-4536-A99C-C0404881372F} = {A72E866F-52B3-436C-A439-A1684280CB73}
	EndGlobalSection
	GlobalSection(ExtensibilityGlobals) = postSolution
		SolutionGuid = {24DA62E1-F53E-4E4F-9678-4B23E67AF238}
	EndGlobalSection
EndGlobal
